PODS:
  - Expecta (1.0.3)
  - Specta (1.0.4)
  - Tryouts (0.1.6)

DEPENDENCIES:
  - Expecta
  - Specta
  - Tryouts (from `../`)

EXTERNAL SOURCES:
  Tryouts:
    :path: ../

SPEC CHECKSUMS:
  Expecta: 9d1bff6c8b0eeee73a166a2ee898892478927a15
  Specta: 69bb134672aae190a1379ff91df07dad8dd1f869
  Tryouts: e1940c668930db288fb7b52f8814e696fe903a06

PODFILE CHECKSUM: 7b4316ea12b888d5d6eea6234a59f4ec45683dcb

COCOAPODS: 1.0.0.rc.2
